
Microsoft Visual Studio Solution File, Format Version 12.00
# Visual Studio Version 16
VisualStudioVersion = 16.0.30907.101
MinimumVisualStudioVersion = 10.0.40219.1
Project("{9A19103F-16F7-4668-BE54-9A1E7A4F7556}") = "AngTzService.API", "AngTzService\AngTzService.API.csproj", "{DA331A76-2B46-408C-9FA0-260102E7731C}"
EndProject
Project("{9A19103F-16F7-4668-BE54-9A1E7A4F7556}") = "AngTzService.Domain", "AngTzService.Domain\AngTzService.Domain.csproj", "{97065E61-20EF-4E3A-8874-E394EFBAC90D}"
EndProject
Project("{9A19103F-16F7-4668-BE54-9A1E7A4F7556}") = "AngTzService.Infrastructure", "AngTzService.Infrastructure\AngTzService.Infrastructure.csproj", "{9266BC72-A70F-4505-96D7-D67EBFD0C457}"
EndProject
Global
	GlobalSection(SolutionConfigurationPlatforms) = preSolution
		Debug|Any CPU = Debug|Any CPU
		Release|Any CPU = Release|Any CPU
	EndGlobalSection
	GlobalSection(ProjectConfigurationPlatforms) = postSolution
		{DA331A76-2B46-408C-9FA0-260102E7731C}.Debug|Any CPU.ActiveCfg = Debug|Any CPU
		{DA331A76-2B46-408C-9FA0-260102E7731C}.Debug|Any CPU.Build.0 = Debug|Any CPU
		{DA331A76-2B46-408C-9FA0-260102E7731C}.Release|Any CPU.ActiveCfg = Release|Any CPU
		{DA331A76-2B46-408C-9FA0-260102E7731C}.Release|Any CPU.Build.0 = Release|Any CPU
		{97065E61-20EF-4E3A-8874-E394EFBAC90D}.Debug|Any CPU.ActiveCfg = Debug|Any CPU
		{97065E61-20EF-4E3A-8874-E394EFBAC90D}.Debug|Any CPU.Build.0 = Debug|Any CPU
		{97065E61-20EF-4E3A-8874-E394EFBAC90D}.Release|Any CPU.ActiveCfg = Release|Any CPU
		{97065E61-20EF-4E3A-8874-E394EFBAC90D}.Release|Any CPU.Build.0 = Release|Any CPU
		{9266BC72-A70F-4505-96D7-D67EBFD0C457}.Debug|Any CPU.ActiveCfg = Debug|Any CPU
		{9266BC72-A70F-4505-96D7-D67EBFD0C457}.Debug|Any CPU.Build.0 = Debug|Any CPU
		{9266BC72-A70F-4505-96D7-D67EBFD0C457}.Release|Any CPU.ActiveCfg = Release|Any CPU
		{9266BC72-A70F-4505-96D7-D67EBFD0C457}.Release|Any CPU.Build.0 = Release|Any CPU
	EndGlobalSection
	GlobalSection(SolutionProperties) = preSolution
		HideSolutionNode = FALSE
	EndGlobalSection
	GlobalSection(ExtensibilityGlobals) = postSolution
		SolutionGuid = {2E9268BB-F795-4838-8BC0-43B60377974C}
	EndGlobalSection
EndGlobal
